
Microsoft Visual Studio Solution File, Format Version 12.00
# Visual Studio Version 16
VisualStudioVersion = 16.0.31112.23
MinimumVisualStudioVersion = 10.0.40219.1
Project("{9A19103F-16F7-4668-BE54-9A1E7A4F7556}") = "Instagram", "Instagram.csproj", "{1141ACC1-7D3F-4C87-BE7D-5157E1074136}"
EndProject
Project("{FAE04EC0-301F-11D3-BF4B-00C04F79EFBC}") = "DAL", "..\DAL\DAL.csproj", "{28B08AD0-25DB-448F-96FF-0E81CD107F7E}"
EndProject
Project("{FAE04EC0-301F-11D3-BF4B-00C04F79EFBC}") = "coreKatmani", "..\coreKatmani\coreKatmani.csproj", "{B0BA6C79-E821-4B9A-8E4D-72BF3CEB356D}"
EndProject
Global
	GlobalSection(SolutionConfigurationPlatforms) = preSolution
		Debug|Any CPU = Debug|Any CPU
		Release|Any CPU = Release|Any CPU
	EndGlobalSection
	GlobalSection(ProjectConfigurationPlatforms) = postSolution
		{1141ACC1-7D3F-4C87-BE7D-5157E1074136}.Debug|Any CPU.ActiveCfg = Debug|Any CPU
		{1141ACC1-7D3F-4C87-BE7D-5157E1074136}.Debug|Any CPU.Build.0 = Debug|Any CPU
		{1141ACC1-7D3F-4C87-BE7D-5157E1074136}.Release|Any CPU.ActiveCfg = Release|Any CPU
		{1141ACC1-7D3F-4C87-BE7D-5157E1074136}.Release|Any CPU.Build.0 = Release|Any CPU
		{28B08AD0-25DB-448F-96FF-0E81CD107F7E}.Debug|Any CPU.ActiveCfg = Debug|Any CPU
		{28B08AD0-25DB-448F-96FF-0E81CD107F7E}.Debug|Any CPU.Build.0 = Debug|Any CPU
		{28B08AD0-25DB-448F-96FF-0E81CD107F7E}.Release|Any CPU.ActiveCfg = Release|Any CPU
		{28B08AD0-25DB-448F-96FF-0E81CD107F7E}.Release|Any CPU.Build.0 = Release|Any CPU
		{B0BA6C79-E821-4B9A-8E4D-72BF3CEB356D}.Debug|Any CPU.ActiveCfg = Debug|Any CPU
		{B0BA6C79-E821-4B9A-8E4D-72BF3CEB356D}.Debug|Any CPU.Build.0 = Debug|Any CPU
		{B0BA6C79-E821-4B9A-8E4D-72BF3CEB356D}.Release|Any CPU.ActiveCfg = Release|Any CPU
		{B0BA6C79-E821-4B9A-8E4D-72BF3CEB356D}.Release|Any CPU.Build.0 = Release|Any CPU
	EndGlobalSection
	GlobalSection(SolutionProperties) = preSolution
		HideSolutionNode = FALSE
	EndGlobalSection
	GlobalSection(ExtensibilityGlobals) = postSolution
		SolutionGuid = {C82F2A4A-D9DB-4B18-8655-C1C28683B3AF}
	EndGlobalSection
EndGlobal
